Microsoft Visual Studio Solution File, Format Version 12.00
# Visual Studio 2013
VisualStudioVersion = 12.0.31101.0
MinimumVisualStudioVersion = 10.0.40219.1
Project("{FAE04EC0-301F-11D3-BF4B-00C04F79EFBC}") = "AgileLizard.Site", "AgileLizard.Site\AgileLizard.Site.csproj", "{5CFF9607-BA0C-45CC-92C9-1989083B3F12}"
EndProject
Project("{FAE04EC0-301F-11D3-BF4B-00C04F79EFBC}") = "AgileLizard.Site.Tests", "AgileLizard.Site.Tests\AgileLizard.Site.Tests.csproj", "{B374D211-4DD9-4532-85F1-24AD2A5FE116}"
EndProject
Project("{FAE04EC0-301F-11D3-BF4B-00C04F79EFBC}") = "AgileLizard.Business", "AgileLizard.Business\AgileLizard.Business.csproj", "{AABFD329-B278-49CD-B128-B0E10350C485}"
EndProject
Project("{FAE04EC0-301F-11D3-BF4B-00C04F79EFBC}") = "AgileLizard.Data", "AgileLizard.Data\AgileLizard.Data.csproj", "{F00F09DA-375F-4389-8B64-4270217A95E0}"
EndProject
Project("{FAE04EC0-301F-11D3-BF4B-00C04F79EFBC}") = "AgileLizard.Domain", "AgileLizard.Domain\AgileLizard.Domain.csproj", "{6455ABB0-4879-43F3-A204-9529679E7C88}"
EndProject
Project("{FAE04EC0-301F-11D3-BF4B-00C04F79EFBC}") = "AgileLizard.Tests", "AgileLizard.Tests\AgileLizard.Tests.csproj", "{6D2ACC20-3355-45ED-8D12-5CC7794BA469}"
EndProject
Project("{FAE04EC0-301F-11D3-BF4B-00C04F79EFBC}") = "AgileLizard.Fbopen.Client", "AgileLizard.Fbopen.Client\AgileLizard.Fbopen.Client.csproj", "{4C180E90-8F03-42DE-AD1C-8406A356ECF2}"
EndProject
Project("{FAE04EC0-301F-11D3-BF4B-00C04F79EFBC}") = "AgileLizard.Fbopen.Client.Tests", "AgileLizard.Fbopen.Client.Tests\AgileLizard.Fbopen.Client.Tests.csproj", "{B7A19DFC-6CED-4186-A7C4-050A6AE8184C}"
EndProject
Global
	GlobalSection(SolutionConfigurationPlatforms) = preSolution
		Debug|Any CPU = Debug|Any CPU
		Release|Any CPU = Release|Any CPU
	EndGlobalSection
	GlobalSection(ProjectConfigurationPlatforms) = postSolution
		{5CFF9607-BA0C-45CC-92C9-1989083B3F12}.Debug|Any CPU.ActiveCfg = Debug|Any CPU
		{5CFF9607-BA0C-45CC-92C9-1989083B3F12}.Debug|Any CPU.Build.0 = Debug|Any CPU
		{5CFF9607-BA0C-45CC-92C9-1989083B3F12}.Release|Any CPU.ActiveCfg = Release|Any CPU
		{5CFF9607-BA0C-45CC-92C9-1989083B3F12}.Release|Any CPU.Build.0 = Release|Any CPU
		{B374D211-4DD9-4532-85F1-24AD2A5FE116}.Debug|Any CPU.ActiveCfg = Debug|Any CPU
		{B374D211-4DD9-4532-85F1-24AD2A5FE116}.Debug|Any CPU.Build.0 = Debug|Any CPU
		{B374D211-4DD9-4532-85F1-24AD2A5FE116}.Release|Any CPU.ActiveCfg = Release|Any CPU
		{B374D211-4DD9-4532-85F1-24AD2A5FE116}.Release|Any CPU.Build.0 = Release|Any CPU
		{AABFD329-B278-49CD-B128-B0E10350C485}.Debug|Any CPU.ActiveCfg = Debug|Any CPU
		{AABFD329-B278-49CD-B128-B0E10350C485}.Debug|Any CPU.Build.0 = Debug|Any CPU
		{AABFD329-B278-49CD-B128-B0E10350C485}.Release|Any CPU.ActiveCfg = Release|Any CPU
		{AABFD329-B278-49CD-B128-B0E10350C485}.Release|Any CPU.Build.0 = Release|Any CPU
		{F00F09DA-375F-4389-8B64-4270217A95E0}.Debug|Any CPU.ActiveCfg = Debug|Any CPU
		{F00F09DA-375F-4389-8B64-4270217A95E0}.Debug|Any CPU.Build.0 = Debug|Any CPU
		{F00F09DA-375F-4389-8B64-4270217A95E0}.Release|Any CPU.ActiveCfg = Release|Any CPU
		{F00F09DA-375F-4389-8B64-4270217A95E0}.Release|Any CPU.Build.0 = Release|Any CPU
		{6455ABB0-4879-43F3-A204-9529679E7C88}.Debug|Any CPU.ActiveCfg = Debug|Any CPU
		{6455ABB0-4879-43F3-A204-9529679E7C88}.Debug|Any CPU.Build.0 = Debug|Any CPU
		{6455ABB0-4879-43F3-A204-9529679E7C88}.Release|Any CPU.ActiveCfg = Release|Any CPU
		{6455ABB0-4879-43F3-A204-9529679E7C88}.Release|Any CPU.Build.0 = Release|Any CPU
		{6D2ACC20-3355-45ED-8D12-5CC7794BA469}.Debug|Any CPU.ActiveCfg = Debug|Any CPU
		{6D2ACC20-3355-45ED-8D12-5CC7794BA469}.Debug|Any CPU.Build.0 = Debug|Any CPU
		{6D2ACC20-3355-45ED-8D12-5CC7794BA469}.Release|Any CPU.ActiveCfg = Release|Any CPU
		{6D2ACC20-3355-45ED-8D12-5CC7794BA469}.Release|Any CPU.Build.0 = Release|Any CPU
		{4C180E90-8F03-42DE-AD1C-8406A356ECF2}.Debug|Any CPU.ActiveCfg = Debug|Any CPU
		{4C180E90-8F03-42DE-AD1C-8406A356ECF2}.Debug|Any CPU.Build.0 = Debug|Any CPU
		{4C180E90-8F03-42DE-AD1C-8406A356ECF2}.Release|Any CPU.ActiveCfg = Release|Any CPU
		{4C180E90-8F03-42DE-AD1C-8406A356ECF2}.Release|Any CPU.Build.0 = Release|Any CPU
		{B7A19DFC-6CED-4186-A7C4-050A6AE8184C}.Debug|Any CPU.ActiveCfg = Debug|Any CPU
		{B7A19DFC-6CED-4186-A7C4-050A6AE8184C}.Debug|Any CPU.Build.0 = Debug|Any CPU
		{B7A19DFC-6CED-4186-A7C4-050A6AE8184C}.Release|Any CPU.ActiveCfg = Release|Any CPU
		{B7A19DFC-6CED-4186-A7C4-050A6AE8184C}.Release|Any CPU.Build.0 = Release|Any CPU
	EndGlobalSection
	GlobalSection(SolutionProperties) = preSolution
		HideSolutionNode = FALSE
	EndGlobalSection
EndGlobal
